
Microsoft Visual Studio Solution File, Format Version 12.00
# Visual Studio Version 17
VisualStudioVersion = 17.3.32825.248
MinimumVisualStudioVersion = 10.0.40219.1
Project("{9A19103F-16F7-4668-BE54-9A1E7A4F7556}") = "SunnyRewards.HelloWorld.Api", "SunnyRewards.HelloWorld.Api\SunnyRewards.HelloWorld.Api.csproj", "{FE6C8C1B-710B-4671-A1D2-DAF7771E751E}"
EndProject
Project("{9A19103F-16F7-4668-BE54-9A1E7A4F7556}") = "SunnyRewards.HelloWorld.Common", "SunnyRewards.HelloWorld.Common\SunnyRewards.HelloWorld.Common.csproj", "{9E360611-E8F8-4B9A-8449-7E6476755A57}"
EndProject
Global
	GlobalSection(SolutionConfigurationPlatforms) = preSolution
		Debug|Any CPU = Debug|Any CPU
		Release|Any CPU = Release|Any CPU
	EndGlobalSection
	GlobalSection(ProjectConfigurationPlatforms) = postSolution
		{FE6C8C1B-710B-4671-A1D2-DAF7771E751E}.Debug|Any CPU.ActiveCfg = Debug|Any CPU
		{FE6C8C1B-710B-4671-A1D2-DAF7771E751E}.Debug|Any CPU.Build.0 = Debug|Any CPU
		{FE6C8C1B-710B-4671-A1D2-DAF7771E751E}.Release|Any CPU.ActiveCfg = Release|Any CPU
		{FE6C8C1B-710B-4671-A1D2-DAF7771E751E}.Release|Any CPU.Build.0 = Release|Any CPU
		{9E360611-E8F8-4B9A-8449-7E6476755A57}.Debug|Any CPU.ActiveCfg = Debug|Any CPU
		{9E360611-E8F8-4B9A-8449-7E6476755A57}.Debug|Any CPU.Build.0 = Debug|Any CPU
		{9E360611-E8F8-4B9A-8449-7E6476755A57}.Release|Any CPU.ActiveCfg = Release|Any CPU
		{9E360611-E8F8-4B9A-8449-7E6476755A57}.Release|Any CPU.Build.0 = Release|Any CPU
	EndGlobalSection
	GlobalSection(SolutionProperties) = preSolution
		HideSolutionNode = FALSE
	EndGlobalSection
	GlobalSection(ExtensibilityGlobals) = postSolution
		SolutionGuid = {C137986A-A958-4B8C-9B49-AD3D5D834F5A}
	EndGlobalSection
EndGlobal
